<Solution>
  <Folder Name="/src/">
    <Project Path="src/Stockroom.Web/Stockroom.Web.csproj" />
  </Folder>
  <Folder Name="/tests/" />
  <Folder Name="/tests/e2e/">
    <Project Path="tests/e2e/Stockroom.E2ETests.csproj" />
  </Folder>
  <Folder Name="/tests/integration/">
    <Project Path="tests/integration/Stockroom.IntegrationTests.csproj" />
  </Folder>
  <Folder Name="/tests/unit/">
    <Project Path="tests/unit/Stockroom.UnitTests.csproj" />
  </Folder>
</Solution>
